// !$*UTF8*$!
{
	archiveVersion = 1;
	classes = {
	};
	objectVersion = 46;
	objects = {

/* Begin PBXBuildFile section */
		9A02C5B68A60AE72C483D06D /* libPods.a in Frameworks */ = {isa = PBXBuildFile; fileRef = 33D9BEE720F62532D9D1F2F0 /* libPods.a */; };
		C306019E19FE3D5700CA34D4 /* KeychainService.swift in Sources */ = {isa = PBXBuildFile; fileRef = C306019D19FE3D5700CA34D4 /* KeychainService.swift */; };
		C308F3EA1A359EDB0099E6B8 /* ChatRoomModelTests.swift in Sources */ = {isa = PBXBuildFile; fileRef = C308F3E91A359EDB0099E6B8 /* ChatRoomModelTests.swift */; };
		C3181C8419EE5BA300F33984 /* ContactsViewController.swift in Sources */ = {isa = PBXBuildFile; fileRef = C3181C8319EE5BA300F33984 /* ContactsViewController.swift */; };
		C3181C8619EE799700F33984 /* ProfileViewController.swift in Sources */ = {isa = PBXBuildFile; fileRef = C3181C8519EE799700F33984 /* ProfileViewController.swift */; };
		C31CC67D19F79FE200F7AFBD /* UIColorExtension.swift in Sources */ = {isa = PBXBuildFile; fileRef = C31CC67C19F79FE200F7AFBD /* UIColorExtension.swift */; };
		C31CC67F19F7A00200F7AFBD /* StringExtension.swift in Sources */ = {isa = PBXBuildFile; fileRef = C31CC67E19F7A00200F7AFBD /* StringExtension.swift */; };
		C31FB27719FF7DA800AC61DD /* NCWEnvironment.swift in Sources */ = {isa = PBXBuildFile; fileRef = C31FB27619FF7DA800AC61DD /* NCWEnvironment.swift */; };
		C3254B3B1A199503009A066D /* MeModel.swift in Sources */ = {isa = PBXBuildFile; fileRef = C3254B3A1A199503009A066D /* MeModel.swift */; };
		C32825321A022CC300F384CC /* AddTaskTableViewController.swift in Sources */ = {isa = PBXBuildFile; fileRef = C32825311A022CC300F384CC /* AddTaskTableViewController.swift */; };
		C33300231A08A9370086F533 /* ChooseContactTableViewController.swift in Sources */ = {isa = PBXBuildFile; fileRef = C33300221A08A9370086F533 /* ChooseContactTableViewController.swift */; };
		C33300251A08C2BB0086F533 /* DatePickerTableViewCell.swift in Sources */ = {isa = PBXBuildFile; fileRef = C33300241A08C2BB0086F533 /* DatePickerTableViewCell.swift */; };
		C3616F8619D3C1940086EF97 /* AppDelegate.swift in Sources */ = {isa = PBXBuildFile; fileRef = C3616F8519D3C1940086EF97 /* AppDelegate.swift */; };
		C3616F8919D3C1940086EF97 /* SimpleChatWorkClient2.xcdatamodeld in Sources */ = {isa = PBXBuildFile; fileRef = C3616F8719D3C1940086EF97 /* SimpleChatWorkClient2.xcdatamodeld */; };
		C3616F8B19D3C1940086EF97 /* SignInViewController.swift in Sources */ = {isa = PBXBuildFile; fileRef = C3616F8A19D3C1940086EF97 /* SignInViewController.swift */; };
		C3616F9019D3C1940086EF97 /* Images.xcassets in Resources */ = {isa = PBXBuildFile; fileRef = C3616F8F19D3C1940086EF97 /* Images.xcassets */; };
		C3616F9319D3C1940086EF97 /* LaunchScreen.xib in Resources */ = {isa = PBXBuildFile; fileRef = C3616F9119D3C1940086EF97 /* LaunchScreen.xib */; };
		C3616FAD19D3C4270086EF97 /* ChatsViewController.swift in Sources */ = {isa = PBXBuildFile; fileRef = C3616FAC19D3C4270086EF97 /* ChatsViewController.swift */; };
		C3616FB019D3DE770086EF97 /* NCWHttpClient.swift in Sources */ = {isa = PBXBuildFile; fileRef = C3616FAF19D3DE770086EF97 /* NCWHttpClient.swift */; };
		C368D0631A2427B60013F8BB /* RoomMembersViewCell.swift in Sources */ = {isa = PBXBuildFile; fileRef = C368D0621A2427B60013F8BB /* RoomMembersViewCell.swift */; };
		C36D3EB61A00E32A008A4F69 /* FrostedSidebar.swift in Sources */ = {isa = PBXBuildFile; fileRef = C36D3EB51A00E32A008A4F69 /* FrostedSidebar.swift */; };
		C37221391A1AF31D00182279 /* ChatRoomModel.swift in Sources */ = {isa = PBXBuildFile; fileRef = C37221381A1AF31D00182279 /* ChatRoomModel.swift */; };
		C372213B1A1B41BA00182279 /* ChatRoomListModel.swift in Sources */ = {isa = PBXBuildFile; fileRef = C372213A1A1B41BA00182279 /* ChatRoomListModel.swift */; };
		C372213D1A1B491100182279 /* TimelineViewModel.swift in Sources */ = {isa = PBXBuildFile; fileRef = C372213C1A1B491100182279 /* TimelineViewModel.swift */; };
		C373D39C19F0F27500764703 /* TasksViewController.swift in Sources */ = {isa = PBXBuildFile; fileRef = C373D39B19F0F27500764703 /* TasksViewController.swift */; };
		C373D39E19F11C9C00764703 /* TasksTableViewCell.swift in Sources */ = {isa = PBXBuildFile; fileRef = C373D39D19F11C9C00764703 /* TasksTableViewCell.swift */; };
		C37F2E1A1A15C9C3009E82EE /* UIBorderedLabel.swift in Sources */ = {isa = PBXBuildFile; fileRef = C37F2E191A15C9C3009E82EE /* UIBorderedLabel.swift */; };
		C37F2E1C1A15FADA009E82EE /* AddChatRoomViewController.swift in Sources */ = {isa = PBXBuildFile; fileRef = C37F2E1B1A15FADA009E82EE /* AddChatRoomViewController.swift */; };
		C380477C1A25DB0400BEC275 /* LoadingViewController.swift in Sources */ = {isa = PBXBuildFile; fileRef = C380477B1A25DB0400BEC275 /* LoadingViewController.swift */; };
		C380477F1A25DD7C00BEC275 /* LTMorphingLabel.swift in Sources */ = {isa = PBXBuildFile; fileRef = C380477E1A25DD7C00BEC275 /* LTMorphingLabel.swift */; };
		C38047811A25DD9A00BEC275 /* NSString+LTMorphingLabel.swift in Sources */ = {isa = PBXBuildFile; fileRef = C38047801A25DD9A00BEC275 /* NSString+LTMorphingLabel.swift */; };
		C38047831A25DDE400BEC275 /* LTEasing.swift in Sources */ = {isa = PBXBuildFile; fileRef = C38047821A25DDE400BEC275 /* LTEasing.swift */; };
		C3989D9519D9473700A4BC17 /* JSON.swift in Sources */ = {isa = PBXBuildFile; fileRef = C3989D9419D9473700A4BC17 /* JSON.swift */; };
		C39E4F001A26CCAD00C9CA00 /* FilesViewController.swift in Sources */ = {isa = PBXBuildFile; fileRef = C39E4EFF1A26CCAD00C9CA00 /* FilesViewController.swift */; };
		C39E4F021A26CDD100C9CA00 /* FilesViewModel.swift in Sources */ = {isa = PBXBuildFile; fileRef = C39E4F011A26CDD100C9CA00 /* FilesViewModel.swift */; };
		C39E4F041A26CE0700C9CA00 /* FileListModel.swift in Sources */ = {isa = PBXBuildFile; fileRef = C39E4F031A26CE0700C9CA00 /* FileListModel.swift */; };
		C39E4F061A26CE1B00C9CA00 /* FileModel.swift in Sources */ = {isa = PBXBuildFile; fileRef = C39E4F051A26CE1B00C9CA00 /* FileModel.swift */; };
		C39E4F081A26D5EF00C9CA00 /* FilesTableViewCell.swift in Sources */ = {isa = PBXBuildFile; fileRef = C39E4F071A26D5EF00C9CA00 /* FilesTableViewCell.swift */; };
		C3A2825619D903C600BB2466 /* NCWAPIManager.swift in Sources */ = {isa = PBXBuildFile; fileRef = C3A2825519D903C600BB2466 /* NCWAPIManager.swift */; };
		C3B3758A1A0B1DDC005B304A /* AssignToTableViewCell.swift in Sources */ = {isa = PBXBuildFile; fileRef = C3B375891A0B1DDC005B304A /* AssignToTableViewCell.swift */; };
		C3B792201A109961001CFE23 /* ChatsViewModel.swift in Sources */ = {isa = PBXBuildFile; fileRef = C3B7921F1A109961001CFE23 /* ChatsViewModel.swift */; };
		C3B792231A10A964001CFE23 /* ProfileViewModel.swift in Sources */ = {isa = PBXBuildFile; fileRef = C3B792221A10A964001CFE23 /* ProfileViewModel.swift */; };
		C3B792271A10B89F001CFE23 /* ProfileModel.swift in Sources */ = {isa = PBXBuildFile; fileRef = C3B792261A10B89F001CFE23 /* ProfileModel.swift */; };
		C3BFD4E319E5342600C7DDBD /* ChatsTableViewCell.swift in Sources */ = {isa = PBXBuildFile; fileRef = C3BFD4E219E5342600C7DDBD /* ChatsTableViewCell.swift */; };
		C3C4E8101A1EEB51000B978D /* RoomMembersViewController.swift in Sources */ = {isa = PBXBuildFile; fileRef = C3C4E80F1A1EEB51000B978D /* RoomMembersViewController.swift */; };
		C3CA013719E7DFF50053C6A2 /* TimelineViewController.swift in Sources */ = {isa = PBXBuildFile; fileRef = C3CA013619E7DFF50053C6A2 /* TimelineViewController.swift */; };
		C3CA013919E7ECA70053C6A2 /* ChatRoomInformationViewController.swift in Sources */ = {isa = PBXBuildFile; fileRef = C3CA013819E7ECA70053C6A2 /* ChatRoomInformationViewController.swift */; };
		C3DB4A541A398688005F28AC /* Alamofire.framework in Copy Frameworks */ = {isa = PBXBuildFile; fileRef = C3DB4A4E1A39860E005F28AC /* Alamofire.framework */; settings = {ATTRIBUTES = (CodeSignOnCopy, RemoveHeadersOnCopy, ); }; };
		C3E1BCE51A28494800CFC15F /* UIViewControllerExtension.swift in Sources */ = {isa = PBXBuildFile; fileRef = C3E1BCE41A28494800CFC15F /* UIViewControllerExtension.swift */; };
		C3E1BCF51A2C3B4F00CFC15F /* Localizable.strings in Resources */ = {isa = PBXBuildFile; fileRef = C3E1BCF71A2C3B4F00CFC15F /* Localizable.strings */; };
		C3E1BCFC1A2C5FC600CFC15F /* MessageModel.swift in Sources */ = {isa = PBXBuildFile; fileRef = C3E1BCFB1A2C5FC600CFC15F /* MessageModel.swift */; };
		C3E7890B1A1329D500D17C05 /* RAC.swift in Sources */ = {isa = PBXBuildFile; fileRef = C3E7890A1A1329D500D17C05 /* RAC.swift */; };
		C3E7890D1A1329F500D17C05 /* RACObserve.swift in Sources */ = {isa = PBXBuildFile; fileRef = C3E7890C1A1329F500D17C05 /* RACObserve.swift */; };
		C3E7890F1A132A1300D17C05 /* RACSignal+Extensions.swift in Sources */ = {isa = PBXBuildFile; fileRef = C3E7890E1A132A1300D17C05 /* RACSignal+Extensions.swift */; };
		C3EE7EFF1A1C3AE100E6F062 /* ChatRoomInformationViewModel.swift in Sources */ = {isa = PBXBuildFile; fileRef = C3EE7EFE1A1C3AE100E6F062 /* ChatRoomInformationViewModel.swift */; };
		C3EE7F011A1C411F00E6F062 /* AddTaskTableViewModel.swift in Sources */ = {isa = PBXBuildFile; fileRef = C3EE7F001A1C411F00E6F062 /* AddTaskTableViewModel.swift */; };
		C3EE7F031A1C44EF00E6F062 /* ChooseContactTableViewModel.swift in Sources */ = {isa = PBXBuildFile; fileRef = C3EE7F021A1C44EF00E6F062 /* ChooseContactTableViewModel.swift */; };
		C3EE7F051A1C46B900E6F062 /* ContactModel.swift in Sources */ = {isa = PBXBuildFile; fileRef = C3EE7F041A1C46B900E6F062 /* ContactModel.swift */; };
		C3EE7F071A1C46CE00E6F062 /* ContactListModel.swift in Sources */ = {isa = PBXBuildFile; fileRef = C3EE7F061A1C46CD00E6F062 /* ContactListModel.swift */; };
		C3EE7F091A1C48D300E6F062 /* ContactsViewModel.swift in Sources */ = {isa = PBXBuildFile; fileRef = C3EE7F081A1C48D300E6F062 /* ContactsViewModel.swift */; };
		C3EE7F0B1A1C75C900E6F062 /* AddChatRoomViewModel.swift in Sources */ = {isa = PBXBuildFile; fileRef = C3EE7F0A1A1C75C900E6F062 /* AddChatRoomViewModel.swift */; };
		C3EE7F0F1A1C7DCB00E6F062 /* TaskModel.swift in Sources */ = {isa = PBXBuildFile; fileRef = C3EE7F0E1A1C7DCB00E6F062 /* TaskModel.swift */; };
		C3EE7F111A1C7DEE00E6F062 /* TaskListModel.swift in Sources */ = {isa = PBXBuildFile; fileRef = C3EE7F101A1C7DEE00E6F062 /* TaskListModel.swift */; };
		C3EE7F131A1C7E0B00E6F062 /* TasksViewModel.swift in Sources */ = {isa = PBXBuildFile; fileRef = C3EE7F121A1C7E0B00E6F062 /* TasksViewModel.swift */; };
/* End PBXBuildFile section */

/* Begin PBXContainerItemProxy section */
		C3616F9919D3C1940086EF97 /* PBXContainerItemProxy */ = {
			isa = PBXContainerItemProxy;
			containerPortal = C3616F7819D3C1940086EF97 /* Project object */;
			proxyType = 1;
			remoteGlobalIDString = C3616F7F19D3C1940086EF97;
			remoteInfo = SimpleChatWorkClient2;
		};
		C3DB4A4D1A39860E005F28AC /* PBXContainerItemProxy */ = {
			isa = PBXContainerItemProxy;
			containerPortal = C3DB4A481A39860E005F28AC /* Alamofire.xcodeproj */;
			proxyType = 2;
			remoteGlobalIDString = F8111E3319A95C8B0040E7D1;
			remoteInfo = Alamofire;
		};
		C3DB4A4F1A39860E005F28AC /* PBXContainerItemProxy */ = {
			isa = PBXContainerItemProxy;
			containerPortal = C3DB4A481A39860E005F28AC /* Alamofire.xcodeproj */;
			proxyType = 2;
			remoteGlobalIDString = F8111E3E19A95C8B0040E7D1;
			remoteInfo = AlamofireTests;
		};
		C3DB4A511A398632005F28AC /* PBXContainerItemProxy */ = {
			isa = PBXContainerItemProxy;
			containerPortal = C3DB4A481A39860E005F28AC /* Alamofire.xcodeproj */;
			proxyType = 1;
			remoteGlobalIDString = F8111E3219A95C8B0040E7D1;
			remoteInfo = Alamofire;
		};
/* End PBXContainerItemProxy section */

/* Begin PBXCopyFilesBuildPhase section */
		C3DB4A531A398654005F28AC /* Copy Frameworks */ = {
			isa = PBXCopyFilesBuildPhase;
			buildActionMask = 2147483647;
			dstPath = "";
			dstSubfolderSpec = 10;
			files = (
				C3DB4A541A398688005F28AC /* Alamofire.framework in Copy Frameworks */,
			);
			name = "Copy Frameworks";
			runOnlyForDeploymentPostprocessing = 0;
		};
/* End PBXCopyFilesBuildPhase section */

/* Begin PBXFileReference section */
		33D9BEE720F62532D9D1F2F0 /* libPods.a */ = {isa = PBXFileReference; explicitFileType = archive.ar; includeInIndex = 0; path = libPods.a; sourceTree = BUILT_PRODUCTS_DIR; };
		80D3984A956FAE05D0404546 /* Pods.debug.xcconfig */ = {isa = PBXFileReference; includeInIndex = 1; lastKnownFileType = text.xcconfig; name = Pods.debug.xcconfig; path = "Pods/Target Support Files/Pods/Pods.debug.xcconfig"; sourceTree = "<group>"; };
		A279410598155342BD7AAADB /* Pods.release.xcconfig */ = {isa = PBXFileReference; includeInIndex = 1; lastKnownFileType = text.xcconfig; name = Pods.release.xcconfig; path = "Pods/Target Support Files/Pods/Pods.release.xcconfig"; sourceTree = "<group>"; };
		C306019D19FE3D5700CA34D4 /* KeychainService.swift */ = {isa = PBXFileReference; fileEncoding = 4; lastKnownFileType = sourcecode.swift; path = KeychainService.swift; sourceTree = "<group>"; };
		C308F3E91A359EDB0099E6B8 /* ChatRoomModelTests.swift */ = {isa = PBXFileReference; fileEncoding = 4; lastKnownFileType = sourcecode.swift; path = ChatRoomModelTests.swift; sourceTree = "<group>"; };
		C3181C8319EE5BA300F33984 /* ContactsViewController.swift */ = {isa = PBXFileReference; fileEncoding = 4; lastKnownFileType = sourcecode.swift; path = ContactsViewController.swift; sourceTree = "<group>"; };
		C3181C8519EE799700F33984 /* ProfileViewController.swift */ = {isa = PBXFileReference; fileEncoding = 4; lastKnownFileType = sourcecode.swift; path = ProfileViewController.swift; sourceTree = "<group>"; };
		C31CC67C19F79FE200F7AFBD /* UIColorExtension.swift */ = {isa = PBXFileReference; fileEncoding = 4; lastKnownFileType = sourcecode.swift; path = UIColorExtension.swift; sourceTree = "<group>"; };
		C31CC67E19F7A00200F7AFBD /* StringExtension.swift */ = {isa = PBXFileReference; fileEncoding = 4; lastKnownFileType = sourcecode.swift; path = StringExtension.swift; sourceTree = "<group>"; };
		C31FB27619FF7DA800AC61DD /* NCWEnvironment.swift */ = {isa = PBXFileReference; fileEncoding = 4; lastKnownFileType = sourcecode.swift; path = NCWEnvironment.swift; sourceTree = "<group>"; };
		C3254B3A1A199503009A066D /* MeModel.swift */ = {isa = PBXFileReference; fileEncoding = 4; lastKnownFileType = sourcecode.swift; path = MeModel.swift; sourceTree = "<group>"; };
		C32825311A022CC300F384CC /* AddTaskTableViewController.swift */ = {isa = PBXFileReference; fileEncoding = 4; lastKnownFileType = sourcecode.swift; path = AddTaskTableViewController.swift; sourceTree = "<group>"; };
		C33300221A08A9370086F533 /* ChooseContactTableViewController.swift */ = {isa = PBXFileReference; fileEncoding = 4; lastKnownFileType = sourcecode.swift; path = ChooseContactTableViewController.swift; sourceTree = "<group>"; };
		C33300241A08C2BB0086F533 /* DatePickerTableViewCell.swift */ = {isa = PBXFileReference; fileEncoding = 4; lastKnownFileType = sourcecode.swift; path = DatePickerTableViewCell.swift; sourceTree = "<group>"; };
		C3616F8019D3C1940086EF97 /* SimpleChatWorkClient2.app */ = {isa = PBXFileReference; explicitFileType = wrapper.application; includeInIndex = 0; path = SimpleChatWorkClient2.app; sourceTree = BUILT_PRODUCTS_DIR; };
		C3616F8419D3C1940086EF97 /* Info.plist */ = {isa = PBXFileReference; lastKnownFileType = text.plist.xml; path = Info.plist; sourceTree = "<group>"; };
		C3616F8519D3C1940086EF97 /* AppDelegate.swift */ = {isa = PBXFileReference; lastKnownFileType = sourcecode.swift; path = AppDelegate.swift; sourceTree = "<group>"; };
		C3616F8819D3C1940086EF97 /* SimpleChatWorkClient2.xcdatamodel */ = {isa = PBXFileReference; lastKnownFileType = wrapper.xcdatamodel; path = SimpleChatWorkClient2.xcdatamodel; sourceTree = "<group>"; };
		C3616F8A19D3C1940086EF97 /* SignInViewController.swift */ = {isa = PBXFileReference; lastKnownFileType = sourcecode.swift; path = SignInViewController.swift; sourceTree = "<group>"; };
		C3616F8F19D3C1940086EF97 /* Images.xcassets */ = {isa = PBXFileReference; lastKnownFileType = folder.assetcatalog; path = Images.xcassets; sourceTree = "<group>"; };
		C3616F9219D3C1940086EF97 /* Base */ = {isa = PBXFileReference; lastKnownFileType = file.xib; name = Base; path = Base.lproj/LaunchScreen.xib; sourceTree = "<group>"; };
		C3616F9819D3C1940086EF97 /* SimpleChatWorkClient2Tests.xctest */ = {isa = PBXFileReference; explicitFileType = wrapper.cfbundle; includeInIndex = 0; path = SimpleChatWorkClient2Tests.xctest; sourceTree = BUILT_PRODUCTS_DIR; };
		C3616F9D19D3C1940086EF97 /* Info.plist */ = {isa = PBXFileReference; lastKnownFileType = text.plist.xml; path = Info.plist; sourceTree = "<group>"; };
		C3616FAC19D3C4270086EF97 /* ChatsViewController.swift */ = {isa = PBXFileReference; fileEncoding = 4; lastKnownFileType = sourcecode.swift; path = ChatsViewController.swift; sourceTree = "<group>"; };
		C3616FAF19D3DE770086EF97 /* NCWHttpClient.swift */ = {isa = PBXFileReference; fileEncoding = 4; lastKnownFileType = sourcecode.swift; path = NCWHttpClient.swift; sourceTree = "<group>"; };
		C368D0621A2427B60013F8BB /* RoomMembersViewCell.swift */ = {isa = PBXFileReference; fileEncoding = 4; lastKnownFileType = sourcecode.swift; path = RoomMembersViewCell.swift; sourceTree = "<group>"; };
		C36D3EB51A00E32A008A4F69 /* FrostedSidebar.swift */ = {isa = PBXFileReference; fileEncoding = 4; lastKnownFileType = sourcecode.swift; path = FrostedSidebar.swift; sourceTree = "<group>"; };
		C37221381A1AF31D00182279 /* ChatRoomModel.swift */ = {isa = PBXFileReference; fileEncoding = 4; lastKnownFileType = sourcecode.swift; path = ChatRoomModel.swift; sourceTree = "<group>"; };
		C372213A1A1B41BA00182279 /* ChatRoomListModel.swift */ = {isa = PBXFileReference; fileEncoding = 4; lastKnownFileType = sourcecode.swift; path = ChatRoomListModel.swift; sourceTree = "<group>"; };
		C372213C1A1B491100182279 /* TimelineViewModel.swift */ = {isa = PBXFileReference; fileEncoding = 4; lastKnownFileType = sourcecode.swift; path = TimelineViewModel.swift; sourceTree = "<group>"; };
		C373D39B19F0F27500764703 /* TasksViewController.swift */ = {isa = PBXFileReference; fileEncoding = 4; lastKnownFileType = sourcecode.swift; path = TasksViewController.swift; sourceTree = "<group>"; };
		C373D39D19F11C9C00764703 /* TasksTableViewCell.swift */ = {isa = PBXFileReference; fileEncoding = 4; lastKnownFileType = sourcecode.swift; path = TasksTableViewCell.swift; sourceTree = "<group>"; };
		C37F2E191A15C9C3009E82EE /* UIBorderedLabel.swift */ = {isa = PBXFileReference; fileEncoding = 4; lastKnownFileType = sourcecode.swift; path = UIBorderedLabel.swift; sourceTree = "<group>"; };
		C37F2E1B1A15FADA009E82EE /* AddChatRoomViewController.swift */ = {isa = PBXFileReference; fileEncoding = 4; lastKnownFileType = sourcecode.swift; path = AddChatRoomViewController.swift; sourceTree = "<group>"; };
		C380477B1A25DB0400BEC275 /* LoadingViewController.swift */ = {isa = PBXFileReference; fileEncoding = 4; lastKnownFileType = sourcecode.swift; path = LoadingViewController.swift; sourceTree = "<group>"; };
		C380477E1A25DD7C00BEC275 /* LTMorphingLabel.swift */ = {isa = PBXFileReference; fileEncoding = 4; lastKnownFileType = sourcecode.swift; path = LTMorphingLabel.swift; sourceTree = "<group>"; };
		C38047801A25DD9A00BEC275 /* NSString+LTMorphingLabel.swift */ = {isa = PBXFileReference; fileEncoding = 4; lastKnownFileType = sourcecode.swift; path = "NSString+LTMorphingLabel.swift"; sourceTree = "<group>"; };
		C38047821A25DDE400BEC275 /* LTEasing.swift */ = {isa = PBXFileReference; fileEncoding = 4; lastKnownFileType = sourcecode.swift; path = LTEasing.swift; sourceTree = "<group>"; };
		C3989D9419D9473700A4BC17 /* JSON.swift */ = {isa = PBXFileReference; fileEncoding = 4; lastKnownFileType = sourcecode.swift; path = JSON.swift; sourceTree = "<group>"; };
		C39E4EFF1A26CCAD00C9CA00 /* FilesViewController.swift */ = {isa = PBXFileReference; fileEncoding = 4; lastKnownFileType = sourcecode.swift; path = FilesViewController.swift; sourceTree = "<group>"; };
		C39E4F011A26CDD100C9CA00 /* FilesViewModel.swift */ = {isa = PBXFileReference; fileEncoding = 4; lastKnownFileType = sourcecode.swift; path = FilesViewModel.swift; sourceTree = "<group>"; };
		C39E4F031A26CE0700C9CA00 /* FileListModel.swift */ = {isa = PBXFileReference; fileEncoding = 4; lastKnownFileType = sourcecode.swift; path = FileListModel.swift; sourceTree = "<group>"; };
		C39E4F051A26CE1B00C9CA00 /* FileModel.swift */ = {isa = PBXFileReference; fileEncoding = 4; lastKnownFileType = sourcecode.swift; path = FileModel.swift; sourceTree = "<group>"; };
		C39E4F071A26D5EF00C9CA00 /* FilesTableViewCell.swift */ = {isa = PBXFileReference; fileEncoding = 4; lastKnownFileType = sourcecode.swift; path = FilesTableViewCell.swift; sourceTree = "<group>"; };
		C3A2825519D903C600BB2466 /* NCWAPIManager.swift */ = {isa = PBXFileReference; fileEncoding = 4; lastKnownFileType = sourcecode.swift; path = NCWAPIManager.swift; sourceTree = "<group>"; };
		C3B375891A0B1DDC005B304A /* AssignToTableViewCell.swift */ = {isa = PBXFileReference; fileEncoding = 4; lastKnownFileType = sourcecode.swift; path = AssignToTableViewCell.swift; sourceTree = "<group>"; };
		C3B7921F1A109961001CFE23 /* ChatsViewModel.swift */ = {isa = PBXFileReference; fileEncoding = 4; lastKnownFileType = sourcecode.swift; path = ChatsViewModel.swift; sourceTree = "<group>"; };
		C3B792221A10A964001CFE23 /* ProfileViewModel.swift */ = {isa = PBXFileReference; fileEncoding = 4; lastKnownFileType = sourcecode.swift; path = ProfileViewModel.swift; sourceTree = "<group>"; };
		C3B792261A10B89F001CFE23 /* ProfileModel.swift */ = {isa = PBXFileReference; fileEncoding = 4; lastKnownFileType = sourcecode.swift; path = ProfileModel.swift; sourceTree = "<group>"; };
		C3BEBFB319E67D7800B4C5E1 /* SimpleChatWorkClient2-Bridging-Header.h */ = {isa = PBXFileReference; lastKnownFileType = sourcecode.c.h; path = "SimpleChatWorkClient2-Bridging-Header.h"; sourceTree = "<group>"; };
		C3BFD4E219E5342600C7DDBD /* ChatsTableViewCell.swift */ = {isa = PBXFileReference; fileEncoding = 4; lastKnownFileType = sourcecode.swift; path = ChatsTableViewCell.swift; sourceTree = "<group>"; };
		C3C4E80F1A1EEB51000B978D /* RoomMembersViewController.swift */ = {isa = PBXFileReference; fileEncoding = 4; lastKnownFileType = sourcecode.swift; path = RoomMembersViewController.swift; sourceTree = "<group>"; };
		C3CA013619E7DFF50053C6A2 /* TimelineViewController.swift */ = {isa = PBXFileReference; fileEncoding = 4; lastKnownFileType = sourcecode.swift; path = TimelineViewController.swift; sourceTree = "<group>"; };
		C3CA013819E7ECA70053C6A2 /* ChatRoomInformationViewController.swift */ = {isa = PBXFileReference; fileEncoding = 4; lastKnownFileType = sourcecode.swift; path = ChatRoomInformationViewController.swift; sourceTree = "<group>"; };
		C3DB4A481A39860E005F28AC /* Alamofire.xcodeproj */ = {isa = PBXFileReference; lastKnownFileType = "wrapper.pb-project"; name = Alamofire.xcodeproj; path = Alamofire/Alamofire.xcodeproj; sourceTree = SOURCE_ROOT; };
		C3E1BCE41A28494800CFC15F /* UIViewControllerExtension.swift */ = {isa = PBXFileReference; fileEncoding = 4; lastKnownFileType = sourcecode.swift; path = UIViewControllerExtension.swift; sourceTree = "<group>"; };
		C3E1BCF61A2C3B4F00CFC15F /* en */ = {isa = PBXFileReference; lastKnownFileType = text.plist.strings; name = en; path = en.lproj/Localizable.strings; sourceTree = "<group>"; };
		C3E1BCF91A2C3B8B00CFC15F /* ja */ = {isa = PBXFileReference; lastKnownFileType = text.plist.strings; name = ja; path = ja.lproj/Localizable.strings; sourceTree = "<group>"; };
		C3E1BCFA1A2C3B9300CFC15F /* zh-Hant */ = {isa = PBXFileReference; lastKnownFileType = text.plist.strings; name = "zh-Hant"; path = "zh-Hant.lproj/Localizable.strings"; sourceTree = "<group>"; };
		C3E1BCFB1A2C5FC600CFC15F /* MessageModel.swift */ = {isa = PBXFileReference; fileEncoding = 4; lastKnownFileType = sourcecode.swift; path = MessageModel.swift; sourceTree = "<group>"; };
		C3E7890A1A1329D500D17C05 /* RAC.swift */ = {isa = PBXFileReference; fileEncoding = 4; lastKnownFileType = sourcecode.swift; path = RAC.swift; sourceTree = "<group>"; };
		C3E7890C1A1329F500D17C05 /* RACObserve.swift */ = {isa = PBXFileReference; fileEncoding = 4; lastKnownFileType = sourcecode.swift; path = RACObserve.swift; sourceTree = "<group>"; };
		C3E7890E1A132A1300D17C05 /* RACSignal+Extensions.swift */ = {isa = PBXFileReference; fileEncoding = 4; lastKnownFileType = sourcecode.swift; path = "RACSignal+Extensions.swift"; sourceTree = "<group>"; };
		C3EE7EFE1A1C3AE100E6F062 /* ChatRoomInformationViewModel.swift */ = {isa = PBXFileReference; fileEncoding = 4; lastKnownFileType = sourcecode.swift; path = ChatRoomInformationViewModel.swift; sourceTree = "<group>"; };
		C3EE7F001A1C411F00E6F062 /* AddTaskTableViewModel.swift */ = {isa = PBXFileReference; fileEncoding = 4; lastKnownFileType = sourcecode.swift; path = AddTaskTableViewModel.swift; sourceTree = "<group>"; };
		C3EE7F021A1C44EF00E6F062 /* ChooseContactTableViewModel.swift */ = {isa = PBXFileReference; fileEncoding = 4; lastKnownFileType = sourcecode.swift; path = ChooseContactTableViewModel.swift; sourceTree = "<group>"; };
		C3EE7F041A1C46B900E6F062 /* ContactModel.swift */ = {isa = PBXFileReference; fileEncoding = 4; lastKnownFileType = sourcecode.swift; path = ContactModel.swift; sourceTree = "<group>"; };
		C3EE7F061A1C46CD00E6F062 /* ContactListModel.swift */ = {isa = PBXFileReference; fileEncoding = 4; lastKnownFileType = sourcecode.swift; path = ContactListModel.swift; sourceTree = "<group>"; };
		C3EE7F081A1C48D300E6F062 /* ContactsViewModel.swift */ = {isa = PBXFileReference; fileEncoding = 4; lastKnownFileType = sourcecode.swift; path = ContactsViewModel.swift; sourceTree = "<group>"; };
		C3EE7F0A1A1C75C900E6F062 /* AddChatRoomViewModel.swift */ = {isa = PBXFileReference; fileEncoding = 4; lastKnownFileType = sourcecode.swift; path = AddChatRoomViewModel.swift; sourceTree = "<group>"; };
		C3EE7F0E1A1C7DCB00E6F062 /* TaskModel.swift */ = {isa = PBXFileReference; fileEncoding = 4; lastKnownFileType = sourcecode.swift; path = TaskModel.swift; sourceTree = "<group>"; };
		C3EE7F101A1C7DEE00E6F062 /* TaskListModel.swift */ = {isa = PBXFileReference; fileEncoding = 4; lastKnownFileType = sourcecode.swift; path = TaskListModel.swift; sourceTree = "<group>"; };
		C3EE7F121A1C7E0B00E6F062 /* TasksViewModel.swift */ = {isa = PBXFileReference; fileEncoding = 4; lastKnownFileType = sourcecode.swift; path = TasksViewModel.swift; sourceTree = "<group>"; };
/* End PBXFileReference section */

/* Begin PBXFrameworksBuildPhase section */
		C3616F7D19D3C1940086EF97 /* Frameworks */ = {
			isa = PBXFrameworksBuildPhase;
			buildActionMask = 2147483647;
			files = (
				9A02C5B68A60AE72C483D06D /* libPods.a in Frameworks */,
			);
			runOnlyForDeploymentPostprocessing = 0;
		};
		C3616F9519D3C1940086EF97 /* Frameworks */ = {
			isa = PBXFrameworksBuildPhase;
			buildActionMask = 2147483647;
			files = (
			);
			runOnlyForDeploymentPostprocessing = 0;
		};
/* End PBXFrameworksBuildPhase section */

/* Begin PBXGroup section */
		736237E214D67926CE1BEE21 /* Pods */ = {
			isa = PBXGroup;
			children = (
				80D3984A956FAE05D0404546 /* Pods.debug.xcconfig */,
				A279410598155342BD7AAADB /* Pods.release.xcconfig */,
			);
			name = Pods;
			sourceTree = "<group>";
		};
		C3181C8219EE5B9000F33984 /* Contacts */ = {
			isa = PBXGroup;
			children = (
				C3181C8319EE5BA300F33984 /* ContactsViewController.swift */,
				C3181C8519EE799700F33984 /* ProfileViewController.swift */,
			);
			name = Contacts;
			sourceTree = "<group>";
		};
		C3254B3C1A19950D009A066D /* Me */ = {
			isa = PBXGroup;
			children = (
				C3254B3A1A199503009A066D /* MeModel.swift */,
			);
			name = Me;
			sourceTree = "<group>";
		};
		C3616F7719D3C1940086EF97 = {
			isa = PBXGroup;
			children = (
				C3616F8219D3C1940086EF97 /* SimpleChatWorkClient2 */,
				C3616F9B19D3C1940086EF97 /* SimpleChatWorkClient2Tests */,
				C3616F8119D3C1940086EF97 /* Products */,
				736237E214D67926CE1BEE21 /* Pods */,
				DA171D94D1AA79DA4333E4D1 /* Frameworks */,
			);
			sourceTree = "<group>";
		};
		C3616F8119D3C1940086EF97 /* Products */ = {
			isa = PBXGroup;
			children = (
				C3616F8019D3C1940086EF97 /* SimpleChatWorkClient2.app */,
				C3616F9819D3C1940086EF97 /* SimpleChatWorkClient2Tests.xctest */,
			);
			name = Products;
			sourceTree = "<group>";
		};
		C3616F8219D3C1940086EF97 /* SimpleChatWorkClient2 */ = {
			isa = PBXGroup;
			children = (
				C3989D9319D946FD00A4BC17 /* Library */,
				C3616FAE19D3DE330086EF97 /* MobileKit */,
				C3B792241A10B884001CFE23 /* Model */,
				C3616FA819D3C3890086EF97 /* ViewController */,
				C3B7921D1A109913001CFE23 /* ViewModel */,
				C3616F8519D3C1940086EF97 /* AppDelegate.swift */,
				C3616F8A19D3C1940086EF97 /* SignInViewController.swift */,
				C380477B1A25DB0400BEC275 /* LoadingViewController.swift */,
				C3616F8F19D3C1940086EF97 /* Images.xcassets */,
				C3616F9119D3C1940086EF97 /* LaunchScreen.xib */,
				C3616F8719D3C1940086EF97 /* SimpleChatWorkClient2.xcdatamodeld */,
				C3616F8319D3C1940086EF97 /* Supporting Files */,
				C3BEBFB319E67D7800B4C5E1 /* SimpleChatWorkClient2-Bridging-Header.h */,
				C3E1BCF71A2C3B4F00CFC15F /* Localizable.strings */,
				C3DB4A481A39860E005F28AC /* Alamofire.xcodeproj */,
			);
			path = SimpleChatWorkClient2;
			sourceTree = "<group>";
		};
		C3616F8319D3C1940086EF97 /* Supporting Files */ = {
			isa = PBXGroup;
			children = (
				C3616F8419D3C1940086EF97 /* Info.plist */,
			);
			name = "Supporting Files";
			sourceTree = "<group>";
		};
		C3616F9B19D3C1940086EF97 /* SimpleChatWorkClient2Tests */ = {
			isa = PBXGroup;
			children = (
				C3616F9C19D3C1940086EF97 /* Supporting Files */,
				C308F3E91A359EDB0099E6B8 /* ChatRoomModelTests.swift */,
			);
			path = SimpleChatWorkClient2Tests;
			sourceTree = "<group>";
		};
		C3616F9C19D3C1940086EF97 /* Supporting Files */ = {
			isa = PBXGroup;
			children = (
				C3616F9D19D3C1940086EF97 /* Info.plist */,
			);
			name = "Supporting Files";
			sourceTree = "<group>";
		};
		C3616FA819D3C3890086EF97 /* ViewController */ = {
			isa = PBXGroup;
			children = (
				C3616FA919D3C3AE0086EF97 /* Chats */,
				C373D39A19F0F25D00764703 /* Tasks */,
				C3181C8219EE5B9000F33984 /* Contacts */,
			);
			name = ViewController;
			sourceTree = "<group>";
		};
		C3616FA919D3C3AE0086EF97 /* Chats */ = {
			isa = PBXGroup;
			children = (
				C3616FAC19D3C4270086EF97 /* ChatsViewController.swift */,
				C3BFD4E219E5342600C7DDBD /* ChatsTableViewCell.swift */,
				C3CA013619E7DFF50053C6A2 /* TimelineViewController.swift */,
				C3CA013819E7ECA70053C6A2 /* ChatRoomInformationViewController.swift */,
				C32825311A022CC300F384CC /* AddTaskTableViewController.swift */,
				C33300221A08A9370086F533 /* ChooseContactTableViewController.swift */,
				C33300241A08C2BB0086F533 /* DatePickerTableViewCell.swift */,
				C3B375891A0B1DDC005B304A /* AssignToTableViewCell.swift */,
				C37F2E1B1A15FADA009E82EE /* AddChatRoomViewController.swift */,
				C3C4E80F1A1EEB51000B978D /* RoomMembersViewController.swift */,
				C368D0621A2427B60013F8BB /* RoomMembersViewCell.swift */,
				C39E4EFF1A26CCAD00C9CA00 /* FilesViewController.swift */,
				C39E4F071A26D5EF00C9CA00 /* FilesTableViewCell.swift */,
			);
			name = Chats;
			sourceTree = "<group>";
		};
		C3616FAE19D3DE330086EF97 /* MobileKit */ = {
			isa = PBXGroup;
			children = (
				C3616FAF19D3DE770086EF97 /* NCWHttpClient.swift */,
				C3A2825519D903C600BB2466 /* NCWAPIManager.swift */,
			);
			name = MobileKit;
			sourceTree = "<group>";
		};
		C37221371A1AF2F600182279 /* Chats */ = {
			isa = PBXGroup;
			children = (
				C37221381A1AF31D00182279 /* ChatRoomModel.swift */,
				C372213A1A1B41BA00182279 /* ChatRoomListModel.swift */,
				C3E1BCFB1A2C5FC600CFC15F /* MessageModel.swift */,
				C39E4F031A26CE0700C9CA00 /* FileListModel.swift */,
				C39E4F051A26CE1B00C9CA00 /* FileModel.swift */,
			);
			name = Chats;
			sourceTree = "<group>";
		};
		C373D39A19F0F25D00764703 /* Tasks */ = {
			isa = PBXGroup;
			children = (
				C373D39B19F0F27500764703 /* TasksViewController.swift */,
				C373D39D19F11C9C00764703 /* TasksTableViewCell.swift */,
			);
			name = Tasks;
			sourceTree = "<group>";
		};
		C380477D1A25DD5600BEC275 /* LTMorphingLabel */ = {
			isa = PBXGroup;
			children = (
				C380477E1A25DD7C00BEC275 /* LTMorphingLabel.swift */,
				C38047801A25DD9A00BEC275 /* NSString+LTMorphingLabel.swift */,
				C38047821A25DDE400BEC275 /* LTEasing.swift */,
			);
			name = LTMorphingLabel;
			sourceTree = "<group>";
		};
		C3989D9319D946FD00A4BC17 /* Library */ = {
			isa = PBXGroup;
			children = (
				C380477D1A25DD5600BEC275 /* LTMorphingLabel */,
				C3E789091A1329C300D17C05 /* RAC */,
				C3989D9419D9473700A4BC17 /* JSON.swift */,
				C31CC67C19F79FE200F7AFBD /* UIColorExtension.swift */,
				C31CC67E19F7A00200F7AFBD /* StringExtension.swift */,
				C306019D19FE3D5700CA34D4 /* KeychainService.swift */,
				C31FB27619FF7DA800AC61DD /* NCWEnvironment.swift */,
				C36D3EB51A00E32A008A4F69 /* FrostedSidebar.swift */,
				C37F2E191A15C9C3009E82EE /* UIBorderedLabel.swift */,
				C3E1BCE41A28494800CFC15F /* UIViewControllerExtension.swift */,
			);
			name = Library;
			sourceTree = "<group>";
		};
		C3B7921D1A109913001CFE23 /* ViewModel */ = {
			isa = PBXGroup;
			children = (
				C3B7921E1A109929001CFE23 /* Chats */,
				C3EE7F0D1A1C7DB400E6F062 /* Tasks */,
				C3B792211A10A939001CFE23 /* Contacts */,
			);
			name = ViewModel;
			sourceTree = "<group>";
		};
		C3B7921E1A109929001CFE23 /* Chats */ = {
			isa = PBXGroup;
			children = (
				C3B7921F1A109961001CFE23 /* ChatsViewModel.swift */,
				C372213C1A1B491100182279 /* TimelineViewModel.swift */,
				C3EE7EFE1A1C3AE100E6F062 /* ChatRoomInformationViewModel.swift */,
				C3EE7F001A1C411F00E6F062 /* AddTaskTableViewModel.swift */,
				C3EE7F021A1C44EF00E6F062 /* ChooseContactTableViewModel.swift */,
				C3EE7F0A1A1C75C900E6F062 /* AddChatRoomViewModel.swift */,
				C39E4F011A26CDD100C9CA00 /* FilesViewModel.swift */,
			);
			name = Chats;
			sourceTree = "<group>";
		};
		C3B792211A10A939001CFE23 /* Contacts */ = {
			isa = PBXGroup;
			children = (
				C3EE7F081A1C48D300E6F062 /* ContactsViewModel.swift */,
				C3B792221A10A964001CFE23 /* ProfileViewModel.swift */,
			);
			name = Contacts;
			sourceTree = "<group>";
		};
		C3B792241A10B884001CFE23 /* Model */ = {
			isa = PBXGroup;
			children = (
				C37221371A1AF2F600182279 /* Chats */,
				C3EE7F0C1A1C7DA600E6F062 /* Tasks */,
				C3B792251A10B88D001CFE23 /* Contacts */,
				C3254B3C1A19950D009A066D /* Me */,
			);
			name = Model;
			sourceTree = "<group>";
		};
		C3B792251A10B88D001CFE23 /* Contacts */ = {
			isa = PBXGroup;
			children = (
				C3EE7F041A1C46B900E6F062 /* ContactModel.swift */,
				C3EE7F061A1C46CD00E6F062 /* ContactListModel.swift */,
				C3B792261A10B89F001CFE23 /* ProfileModel.swift */,
			);
			name = Contacts;
			sourceTree = "<group>";
		};
		C3DB4A491A39860E005F28AC /* Products */ = {
			isa = PBXGroup;
			children = (
				C3DB4A4E1A39860E005F28AC /* Alamofire.framework */,
				C3DB4A501A39860E005F28AC /* AlamofireTests.xctest */,
			);
			name = Products;
			sourceTree = "<group>";
		};
		C3E789091A1329C300D17C05 /* RAC */ = {
			isa = PBXGroup;
			children = (
				C3E7890A1A1329D500D17C05 /* RAC.swift */,
				C3E7890C1A1329F500D17C05 /* RACObserve.swift */,
				C3E7890E1A132A1300D17C05 /* RACSignal+Extensions.swift */,
			);
			name = RAC;
			sourceTree = "<group>";
		};
		C3EE7F0C1A1C7DA600E6F062 /* Tasks */ = {
			isa = PBXGroup;
			children = (
				C3EE7F0E1A1C7DCB00E6F062 /* TaskModel.swift */,
				C3EE7F101A1C7DEE00E6F062 /* TaskListModel.swift */,
			);
			name = Tasks;
			sourceTree = "<group>";
		};
		C3EE7F0D1A1C7DB400E6F062 /* Tasks */ = {
			isa = PBXGroup;
			children = (
				C3EE7F121A1C7E0B00E6F062 /* TasksViewModel.swift */,
			);
			name = Tasks;
			sourceTree = "<group>";
		};
		DA171D94D1AA79DA4333E4D1 /* Frameworks */ = {
			isa = PBXGroup;
			children = (
				33D9BEE720F62532D9D1F2F0 /* libPods.a */,
			);
			name = Frameworks;
			sourceTree = "<group>";
		};
/* End PBXGroup section */

/* Begin PBXNativeTarget section */
		C3616F7F19D3C1940086EF97 /* SimpleChatWorkClient2 */ = {
			isa = PBXNativeTarget;
			buildConfigurationList = C3616FA219D3C1940086EF97 /* Build configuration list for PBXNativeTarget "SimpleChatWorkClient2" */;
			buildPhases = (
				D077321E6E757CF6E933CA01 /* Check Pods Manifest.lock */,
				C3616F7C19D3C1940086EF97 /* Sources */,
				C3616F7D19D3C1940086EF97 /* Frameworks */,
				C3616F7E19D3C1940086EF97 /* Resources */,
				CB01AF62F8B6EBFA785EDB5B /* Copy Pods Resources */,
				C3DB4A531A398654005F28AC /* Copy Frameworks */,
			);
			buildRules = (
			);
			dependencies = (
				C3DB4A521A398632005F28AC /* PBXTargetDependency */,
			);
			name = SimpleChatWorkClient2;
			productName = SimpleChatWorkClient2;
			productReference = C3616F8019D3C1940086EF97 /* SimpleChatWorkClient2.app */;
			productType = "com.apple.product-type.application";
		};
		C3616F9719D3C1940086EF97 /* SimpleChatWorkClient2Tests */ = {
			isa = PBXNativeTarget;
			buildConfigurationList = C3616FA519D3C1940086EF97 /* Build configuration list for PBXNativeTarget "SimpleChatWorkClient2Tests" */;
			buildPhases = (
				C3616F9419D3C1940086EF97 /* Sources */,
				C3616F9519D3C1940086EF97 /* Frameworks */,
				C3616F9619D3C1940086EF97 /* Resources */,
			);
			buildRules = (
			);
			dependencies = (
				C3616F9A19D3C1940086EF97 /* PBXTargetDependency */,
			);
			name = SimpleChatWorkClient2Tests;
			productName = SimpleChatWorkClient2Tests;
			productReference = C3616F9819D3C1940086EF97 /* SimpleChatWorkClient2Tests.xctest */;
			productType = "com.apple.product-type.bundle.unit-test";
		};
/* End PBXNativeTarget section */

/* Begin PBXProject section */
		C3616F7819D3C1940086EF97 /* Project object */ = {
			isa = PBXProject;
			attributes = {
				LastUpgradeCheck = 0600;
				ORGANIZATIONNAME = "Masafumi Kawamura";
				TargetAttributes = {
					C3616F7F19D3C1940086EF97 = {
						CreatedOnToolsVersion = 6.0.1;
						DevelopmentTeam = 8ZSM3EHY68;
					};
					C3616F9719D3C1940086EF97 = {
						CreatedOnToolsVersion = 6.0.1;
						TestTargetID = C3616F7F19D3C1940086EF97;
					};
				};
			};
			buildConfigurationList = C3616F7B19D3C1940086EF97 /* Build configuration list for PBXProject "SimpleChatWorkClient2" */;
			compatibilityVersion = "Xcode 3.2";
			developmentRegion = English;
			hasScannedForEncodings = 0;
			knownRegions = (
				en,
				Base,
				ja,
				"zh-Hant",
			);
			mainGroup = C3616F7719D3C1940086EF97;
			productRefGroup = C3616F8119D3C1940086EF97 /* Products */;
			projectDirPath = "";
			projectReferences = (
				{
					ProductGroup = C3DB4A491A39860E005F28AC /* Products */;
					ProjectRef = C3DB4A481A39860E005F28AC /* Alamofire.xcodeproj */;
				},
			);
			projectRoot = "";
			targets = (
				C3616F7F19D3C1940086EF97 /* SimpleChatWorkClient2 */,
				C3616F9719D3C1940086EF97 /* SimpleChatWorkClient2Tests */,
			);
		};
/* End PBXProject section */

/* Begin PBXReferenceProxy section */
		C3DB4A4E1A39860E005F28AC /* Alamofire.framework */ = {
			isa = PBXReferenceProxy;
			fileType = wrapper.framework;
			path = Alamofire.framework;
			remoteRef = C3DB4A4D1A39860E005F28AC /* PBXContainerItemProxy */;
			sourceTree = BUILT_PRODUCTS_DIR;
		};
		C3DB4A501A39860E005F28AC /* AlamofireTests.xctest */ = {
			isa = PBXReferenceProxy;
			fileType = wrapper.cfbundle;
			path = AlamofireTests.xctest;
			remoteRef = C3DB4A4F1A39860E005F28AC /* PBXContainerItemProxy */;
			sourceTree = BUILT_PRODUCTS_DIR;
		};
/* End PBXReferenceProxy section */

/* Begin PBXResourcesBuildPhase section */
		C3616F7E19D3C1940086EF97 /* Resources */ = {
			isa = PBXResourcesBuildPhase;
			buildActionMask = 2147483647;
			files = (
				C3616F9319D3C1940086EF97 /* LaunchScreen.xib in Resources */,
				C3E1BCF51A2C3B4F00CFC15F /* Localizable.strings in Resources */,
				C3616F9019D3C1940086EF97 /* Images.xcassets in Resources */,
			);
			runOnlyForDeploymentPostprocessing = 0;
		};
		C3616F9619D3C1940086EF97 /* Resources */ = {
			isa = PBXResourcesBuildPhase;
			buildActionMask = 2147483647;
			files = (
			);
			runOnlyForDeploymentPostprocessing = 0;
		};
/* End PBXResourcesBuildPhase section */

/* Begin PBXShellScriptBuildPhase section */
		CB01AF62F8B6EBFA785EDB5B /* Copy Pods Resources */ = {
			isa = PBXShellScriptBuildPhase;
			buildActionMask = 2147483647;
			files = (
			);
			inputPaths = (
			);
			name = "Copy Pods Resources";
			outputPaths = (
			);
			runOnlyForDeploymentPostprocessing = 0;
			shellPath = /bin/sh;
			shellScript = "\"${SRCROOT}/Pods/Target Support Files/Pods/Pods-resources.sh\"\n";
			showEnvVarsInLog = 0;
		};
		D077321E6E757CF6E933CA01 /* Check Pods Manifest.lock */ = {
			isa = PBXShellScriptBuildPhase;
			buildActionMask = 2147483647;
			files = (
			);
			inputPaths = (
			);
			name = "Check Pods Manifest.lock";
			outputPaths = (
			);
			runOnlyForDeploymentPostprocessing = 0;
			shellPath = /bin/sh;
			shellScript = "diff \"${PODS_ROOT}/../Podfile.lock\" \"${PODS_ROOT}/Manifest.lock\" > /dev/null\nif [[ $? != 0 ]] ; then\n    cat << EOM\nerror: The sandbox is not in sync with the Podfile.lock. Run 'pod install' or update your CocoaPods installation.\nEOM\n    exit 1\nfi\n";
			showEnvVarsInLog = 0;
		};
/* End PBXShellScriptBuildPhase section */

/* Begin PBXSourcesBuildPhase section */
		C3616F7C19D3C1940086EF97 /* Sources */ = {
			isa = PBXSourcesBuildPhase;
			buildActionMask = 2147483647;
			files = (
				C3616F8B19D3C1940086EF97 /* SignInViewController.swift in Sources */,
				C3E1BCE51A28494800CFC15F /* UIViewControllerExtension.swift in Sources */,
				C3CA013919E7ECA70053C6A2 /* ChatRoomInformationViewController.swift in Sources */,
				C36D3EB61A00E32A008A4F69 /* FrostedSidebar.swift in Sources */,
				C37F2E1C1A15FADA009E82EE /* AddChatRoomViewController.swift in Sources */,
				C3EE7F071A1C46CE00E6F062 /* ContactListModel.swift in Sources */,
				C3989D9519D9473700A4BC17 /* JSON.swift in Sources */,
				C306019E19FE3D5700CA34D4 /* KeychainService.swift in Sources */,
				C39E4F081A26D5EF00C9CA00 /* FilesTableViewCell.swift in Sources */,
				C3EE7F131A1C7E0B00E6F062 /* TasksViewModel.swift in Sources */,
				C3181C8419EE5BA300F33984 /* ContactsViewController.swift in Sources */,
				C380477C1A25DB0400BEC275 /* LoadingViewController.swift in Sources */,
				C31CC67D19F79FE200F7AFBD /* UIColorExtension.swift in Sources */,
				C3B3758A1A0B1DDC005B304A /* AssignToTableViewCell.swift in Sources */,
				C3E7890F1A132A1300D17C05 /* RACSignal+Extensions.swift in Sources */,
				C3EE7EFF1A1C3AE100E6F062 /* ChatRoomInformationViewModel.swift in Sources */,
				C31CC67F19F7A00200F7AFBD /* StringExtension.swift in Sources */,
				C3181C8619EE799700F33984 /* ProfileViewController.swift in Sources */,
				C3EE7F091A1C48D300E6F062 /* ContactsViewModel.swift in Sources */,
				C33300251A08C2BB0086F533 /* DatePickerTableViewCell.swift in Sources */,
				C33300231A08A9370086F533 /* ChooseContactTableViewController.swift in Sources */,
				C373D39E19F11C9C00764703 /* TasksTableViewCell.swift in Sources */,
				C32825321A022CC300F384CC /* AddTaskTableViewController.swift in Sources */,
				C380477F1A25DD7C00BEC275 /* LTMorphingLabel.swift in Sources */,
				C3254B3B1A199503009A066D /* MeModel.swift in Sources */,
				C38047831A25DDE400BEC275 /* LTEasing.swift in Sources */,
				C3B792271A10B89F001CFE23 /* ProfileModel.swift in Sources */,
				C3616F8919D3C1940086EF97 /* SimpleChatWorkClient2.xcdatamodeld in Sources */,
				C3616FAD19D3C4270086EF97 /* ChatsViewController.swift in Sources */,
				C39E4F001A26CCAD00C9CA00 /* FilesViewController.swift in Sources */,
				C37221391A1AF31D00182279 /* ChatRoomModel.swift in Sources */,
				C3616FB019D3DE770086EF97 /* NCWHttpClient.swift in Sources */,
				C3BFD4E319E5342600C7DDBD /* ChatsTableViewCell.swift in Sources */,
				C3C4E8101A1EEB51000B978D /* RoomMembersViewController.swift in Sources */,
				C3EE7F111A1C7DEE00E6F062 /* TaskListModel.swift in Sources */,
				C39E4F041A26CE0700C9CA00 /* FileListModel.swift in Sources */,
				C3CA013719E7DFF50053C6A2 /* TimelineViewController.swift in Sources */,
				C3EE7F031A1C44EF00E6F062 /* ChooseContactTableViewModel.swift in Sources */,
				C3B792231A10A964001CFE23 /* ProfileViewModel.swift in Sources */,
				C3E7890B1A1329D500D17C05 /* RAC.swift in Sources */,
				C372213B1A1B41BA00182279 /* ChatRoomListModel.swift in Sources */,
				C38047811A25DD9A00BEC275 /* NSString+LTMorphingLabel.swift in Sources */,
				C3616F8619D3C1940086EF97 /* AppDelegate.swift in Sources */,
				C3E7890D1A1329F500D17C05 /* RACObserve.swift in Sources */,
				C3EE7F0F1A1C7DCB00E6F062 /* TaskModel.swift in Sources */,
				C3A2825619D903C600BB2466 /* NCWAPIManager.swift in Sources */,
				C372213D1A1B491100182279 /* TimelineViewModel.swift in Sources */,
				C39E4F061A26CE1B00C9CA00 /* FileModel.swift in Sources */,
				C3EE7F011A1C411F00E6F062 /* AddTaskTableViewModel.swift in Sources */,
				C3E1BCFC1A2C5FC600CFC15F /* MessageModel.swift in Sources */,
				C3B792201A109961001CFE23 /* ChatsViewModel.swift in Sources */,
				C3EE7F051A1C46B900E6F062 /* ContactModel.swift in Sources */,
				C31FB27719FF7DA800AC61DD /* NCWEnvironment.swift in Sources */,
				C368D0631A2427B60013F8BB /* RoomMembersViewCell.swift in Sources */,
				C373D39C19F0F27500764703 /* TasksViewController.swift in Sources */,
				C39E4F021A26CDD100C9CA00 /* FilesViewModel.swift in Sources */,
				C37F2E1A1A15C9C3009E82EE /* UIBorderedLabel.swift in Sources */,
				C3EE7F0B1A1C75C900E6F062 /* AddChatRoomViewModel.swift in Sources */,
			);
			runOnlyForDeploymentPostprocessing = 0;
		};
		C3616F9419D3C1940086EF97 /* Sources */ = {
			isa = PBXSourcesBuildPhase;
			buildActionMask = 2147483647;
			files = (
				C308F3EA1A359EDB0099E6B8 /* ChatRoomModelTests.swift in Sources */,
			);
			runOnlyForDeploymentPostprocessing = 0;
		};
/* End PBXSourcesBuildPhase section */

/* Begin PBXTargetDependency section */
		C3616F9A19D3C1940086EF97 /* PBXTargetDependency */ = {
			isa = PBXTargetDependency;
			target = C3616F7F19D3C1940086EF97 /* SimpleChatWorkClient2 */;
			targetProxy = C3616F9919D3C1940086EF97 /* PBXContainerItemProxy */;
		};
		C3DB4A521A398632005F28AC /* PBXTargetDependency */ = {
			isa = PBXTargetDependency;
			name = Alamofire;
			targetProxy = C3DB4A511A398632005F28AC /* PBXContainerItemProxy */;
		};
/* End PBXTargetDependency section */

/* Begin PBXVariantGroup section */
		C3616F9119D3C1940086EF97 /* LaunchScreen.xib */ = {
			isa = PBXVariantGroup;
			children = (
				C3616F9219D3C1940086EF97 /* Base */,
			);
			name = LaunchScreen.xib;
			sourceTree = "<group>";
		};
		C3E1BCF71A2C3B4F00CFC15F /* Localizable.strings */ = {
			isa = PBXVariantGroup;
			children = (
				C3E1BCF61A2C3B4F00CFC15F /* en */,
				C3E1BCF91A2C3B8B00CFC15F /* ja */,
				C3E1BCFA1A2C3B9300CFC15F /* zh-Hant */,
			);
			name = Localizable.strings;
			sourceTree = "<group>";
		};
/* End PBXVariantGroup section */

/* Begin XCBuildConfiguration section */
		C3616FA019D3C1940086EF97 /* Debug */ = {
			isa = XCBuildConfiguration;
			buildSettings = {
				ALWAYS_SEARCH_USER_PATHS = NO;
				CLANG_CXX_LANGUAGE_STANDARD = "gnu++0x";
				CLANG_CXX_LIBRARY = "libc++";
				CLANG_ENABLE_MODULES = YES;
				CLANG_ENABLE_OBJC_ARC = YES;
				CLANG_WARN_BOOL_CONVERSION = YES;
				CLANG_WARN_CONSTANT_CONVERSION = YES;
				CLANG_WARN_DIRECT_OBJC_ISA_USAGE = YES_ERROR;
				CLANG_WARN_EMPTY_BODY = YES;
				CLANG_WARN_ENUM_CONVERSION = YES;
				CLANG_WARN_INT_CONVERSION = YES;
				CLANG_WARN_OBJC_ROOT_CLASS = YES_ERROR;
				CLANG_WARN_UNREACHABLE_CODE = YES;
				CLANG_WARN__DUPLICATE_METHOD_MATCH = YES;
				"CODE_SIGN_IDENTITY[sdk=iphoneos*]" = "iPhone Developer";
				COPY_PHASE_STRIP = NO;
				ENABLE_STRICT_OBJC_MSGSEND = YES;
				GCC_C_LANGUAGE_STANDARD = gnu99;
				GCC_DYNAMIC_NO_PIC = NO;
				GCC_OPTIMIZATION_LEVEL = 0;
				GCC_PREPROCESSOR_DEFINITIONS = (
					"DEBUG=1",
					"$(inherited)",
				);
				GCC_SYMBOLS_PRIVATE_EXTERN = NO;
				GCC_WARN_64_TO_32_BIT_CONVERSION = YES;
				GCC_WARN_ABOUT_RETURN_TYPE = YES_ERROR;
				GCC_WARN_UNDECLARED_SELECTOR = YES;
				GCC_WARN_UNINITIALIZED_AUTOS = YES_AGGRESSIVE;
				GCC_WARN_UNUSED_FUNCTION = YES;
				GCC_WARN_UNUSED_VARIABLE = YES;
				IPHONEOS_DEPLOYMENT_TARGET = 8.0;
				MTL_ENABLE_DEBUG_INFO = YES;
				ONLY_ACTIVE_ARCH = YES;
				PROVISIONING_PROFILE = "";
				SDKROOT = iphoneos;
				SWIFT_OPTIMIZATION_LEVEL = "-Onone";
				TARGETED_DEVICE_FAMILY = "1,2";
			};
			name = Debug;
		};
		C3616FA119D3C1940086EF97 /* Release */ = {
			isa = XCBuildConfiguration;
			buildSettings = {
				ALWAYS_SEARCH_USER_PATHS = NO;
				CLANG_CXX_LANGUAGE_STANDARD = "gnu++0x";
				CLANG_CXX_LIBRARY = "libc++";
				CLANG_ENABLE_MODULES = YES;
				CLANG_ENABLE_OBJC_ARC = YES;
				CLANG_WARN_BOOL_CONVERSION = YES;
				CLANG_WARN_CONSTANT_CONVERSION = YES;
				CLANG_WARN_DIRECT_OBJC_ISA_USAGE = YES_ERROR;
				CLANG_WARN_EMPTY_BODY = YES;
				CLANG_WARN_ENUM_CONVERSION = YES;
				CLANG_WARN_INT_CONVERSION = YES;
				CLANG_WARN_OBJC_ROOT_CLASS = YES_ERROR;
				CLANG_WARN_UNREACHABLE_CODE = YES;
				CLANG_WARN__DUPLICATE_METHOD_MATCH = YES;
				"CODE_SIGN_IDENTITY[sdk=*]" = "iPhone Distribution: ChatWork K.K.";
				COPY_PHASE_STRIP = YES;
				ENABLE_NS_ASSERTIONS = NO;
				ENABLE_STRICT_OBJC_MSGSEND = YES;
				GCC_C_LANGUAGE_STANDARD = gnu99;
				GCC_WARN_64_TO_32_BIT_CONVERSION = YES;
				GCC_WARN_ABOUT_RETURN_TYPE = YES_ERROR;
				GCC_WARN_UNDECLARED_SELECTOR = YES;
				GCC_WARN_UNINITIALIZED_AUTOS = YES_AGGRESSIVE;
				GCC_WARN_UNUSED_FUNCTION = YES;
				GCC_WARN_UNUSED_VARIABLE = YES;
				IPHONEOS_DEPLOYMENT_TARGET = 8.0;
				MTL_ENABLE_DEBUG_INFO = NO;
				PROVISIONING_PROFILE = "fd3a146c-4deb-4587-a8ba-db54e16d8e90";
				SDKROOT = iphoneos;
				TARGETED_DEVICE_FAMILY = "1,2";
				VALIDATE_PRODUCT = YES;
			};
			name = Release;
		};
		C3616FA319D3C1940086EF97 /* Debug */ = {
			isa = XCBuildConfiguration;
			baseConfigurationReference = 80D3984A956FAE05D0404546 /* Pods.debug.xcconfig */;
			buildSettings = {
				ASSETCATALOG_COMPILER_APPICON_NAME = AppIcon;
				CLANG_ENABLE_MODULES = YES;
				CODE_SIGN_IDENTITY = "iPhone Developer";
				"CODE_SIGN_IDENTITY[sdk=iphoneos*]" = "iPhone Developer";
				INFOPLIST_FILE = SimpleChatWorkClient2/Info.plist;
				IPHONEOS_DEPLOYMENT_TARGET = 8.1;
				LD_RUNPATH_SEARCH_PATHS = "$(inherited) @executable_path/Frameworks";
				PRODUCT_NAME = "$(TARGET_NAME)";
				PROVISIONING_PROFILE = "";
				SWIFT_OBJC_BRIDGING_HEADER = "SimpleChatWorkClient2/SimpleChatWorkClient2-Bridging-Header.h";
				SWIFT_OPTIMIZATION_LEVEL = "-Onone";
			};
			name = Debug;
		};
		C3616FA419D3C1940086EF97 /* Release */ = {
			isa = XCBuildConfiguration;
			baseConfigurationReference = A279410598155342BD7AAADB /* Pods.release.xcconfig */;
			buildSettings = {
				ASSETCATALOG_COMPILER_APPICON_NAME = AppIcon;
				CLANG_ENABLE_MODULES = YES;
				CODE_SIGN_IDENTITY = "iPhone Developer";
				"CODE_SIGN_IDENTITY[sdk=iphoneos*]" = "iPhone Developer";
				INFOPLIST_FILE = SimpleChatWorkClient2/Info.plist;
				IPHONEOS_DEPLOYMENT_TARGET = 8.1;
				LD_RUNPATH_SEARCH_PATHS = "$(inherited) @executable_path/Frameworks";
				PRODUCT_NAME = "$(TARGET_NAME)";
				PROVISIONING_PROFILE = "";
				SWIFT_OBJC_BRIDGING_HEADER = "SimpleChatWorkClient2/SimpleChatWorkClient2-Bridging-Header.h";
			};
			name = Release;
		};
		C3616FA619D3C1940086EF97 /* Debug */ = {
			isa = XCBuildConfiguration;
			buildSettings = {
				BUNDLE_LOADER = "$(TEST_HOST)";
				FRAMEWORK_SEARCH_PATHS = (
					"$(SDKROOT)/Developer/Library/Frameworks",
					"$(inherited)",
				);
				GCC_PREPROCESSOR_DEFINITIONS = (
					"DEBUG=1",
					"$(inherited)",
				);
				INFOPLIST_FILE = SimpleChatWorkClient2Tests/Info.plist;
				LD_RUNPATH_SEARCH_PATHS = "$(inherited) @executable_path/Frameworks @loader_path/Frameworks";
				PRODUCT_NAME = "$(TARGET_NAME)";
				TEST_HOST = "$(BUILT_PRODUCTS_DIR)/SimpleChatWorkClient2.app/SimpleChatWorkClient2";
			};
			name = Debug;
		};
		C3616FA719D3C1940086EF97 /* Release */ = {
			isa = XCBuildConfiguration;
			buildSettings = {
				BUNDLE_LOADER = "$(TEST_HOST)";
				FRAMEWORK_SEARCH_PATHS = (
					"$(SDKROOT)/Developer/Library/Frameworks",
					"$(inherited)",
				);
				INFOPLIST_FILE = SimpleChatWorkClient2Tests/Info.plist;
				LD_RUNPATH_SEARCH_PATHS = "$(inherited) @executable_path/Frameworks @loader_path/Frameworks";
				PRODUCT_NAME = "$(TARGET_NAME)";
				TEST_HOST = "$(BUILT_PRODUCTS_DIR)/SimpleChatWorkClient2.app/SimpleChatWorkClient2";
			};
			name = Release;
		};
/* End XCBuildConfiguration section */

/* Begin XCConfigurationList section */
		C3616F7B19D3C1940086EF97 /* Build configuration list for PBXProject "SimpleChatWorkClient2" */ = {
			isa = XCConfigurationList;
			buildConfigurations = (
				C3616FA019D3C1940086EF97 /* Debug */,
				C3616FA119D3C1940086EF97 /* Release */,
			);
			defaultConfigurationIsVisible = 0;
			defaultConfigurationName = Release;
		};
		C3616FA219D3C1940086EF97 /* Build configuration list for PBXNativeTarget "SimpleChatWorkClient2" */ = {
			isa = XCConfigurationList;
			buildConfigurations = (
				C3616FA319D3C1940086EF97 /* Debug */,
				C3616FA419D3C1940086EF97 /* Release */,
			);
			defaultConfigurationIsVisible = 0;
			defaultConfigurationName = Release;
		};
		C3616FA519D3C1940086EF97 /* Build configuration list for PBXNativeTarget "SimpleChatWorkClient2Tests" */ = {
			isa = XCConfigurationList;
			buildConfigurations = (
				C3616FA619D3C1940086EF97 /* Debug */,
				C3616FA719D3C1940086EF97 /* Release */,
			);
			defaultConfigurationIsVisible = 0;
			defaultConfigurationName = Release;
		};
/* End XCConfigurationList section */

/* Begin XCVersionGroup section */
		C3616F8719D3C1940086EF97 /* SimpleChatWorkClient2.xcdatamodeld */ = {
			isa = XCVersionGroup;
			children = (
				C3616F8819D3C1940086EF97 /* SimpleChatWorkClient2.xcdatamodel */,
			);
			currentVersion = C3616F8819D3C1940086EF97 /* SimpleChatWorkClient2.xcdatamodel */;
			path = SimpleChatWorkClient2.xcdatamodeld;
			sourceTree = "<group>";
			versionGroupType = wrapper.xcdatamodel;
		};
/* End XCVersionGroup section */
	};
	rootObject = C3616F7819D3C1940086EF97 /* Project object */;
}
